// !$*UTF8*$!
{
	archiveVersion = 1;
	classes = {
	};
	objectVersion = 50;
	objects = {

/* Begin PBXBuildFile section */
		041AB697255C05AB00E37507 /* AppDelegate.swift in Sources */ = {isa = PBXBuildFile; fileRef = 041AB696255C05AB00E37507 /* AppDelegate.swift */; };
		041AB699255C05AB00E37507 /* SceneDelegate.swift in Sources */ = {isa = PBXBuildFile; fileRef = 041AB698255C05AB00E37507 /* SceneDelegate.swift */; };
		041AB69B255C05AB00E37507 /* ViewController.swift in Sources */ = {isa = PBXBuildFile; fileRef = 041AB69A255C05AB00E37507 /* ViewController.swift */; };
		041AB69E255C05AB00E37507 /* Main.storyboard in Resources */ = {isa = PBXBuildFile; fileRef = 041AB69C255C05AB00E37507 /* Main.storyboard */; };
		041AB6A0255C05AD00E37507 /* Assets.xcassets in Resources */ = {isa = PBXBuildFile; fileRef = 041AB69F255C05AD00E37507 /* Assets.xcassets */; };
		041AB6A3255C05AD00E37507 /* LaunchScreen.storyboard in Resources */ = {isa = PBXBuildFile; fileRef = 041AB6A1255C05AD00E37507 /* LaunchScreen.storyboard */; };
		041AB6B7255C48C300E37507 /* Question.swift in Sources */ = {isa = PBXBuildFile; fileRef = 041AB6B6255C48C300E37507 /* Question.swift */; };
		041AB6BA255C4D4C00E37507 /* QuestionManager.swift in Sources */ = {isa = PBXBuildFile; fileRef = 041AB6B9255C4D4C00E37507 /* QuestionManager.swift */; };
		041AB6BD255C4E5A00E37507 /* Game.swift in Sources */ = {isa = PBXBuildFile; fileRef = 041AB6BC255C4E5A00E37507 /* Game.swift */; };
		041AB6C1255C69D500E37507 /* QuestionView.swift in Sources */ = {isa = PBXBuildFile; fileRef = 041AB6C0255C69D400E37507 /* QuestionView.swift */; };
/* End PBXBuildFile section */

/* Begin PBXFileReference section */
		041AB693255C05AB00E37507 /* OpenQizz.app */ = {isa = PBXFileReference; explicitFileType = wrapper.application; includeInIndex = 0; path = OpenQizz.app; sourceTree = BUILT_PRODUCTS_DIR; };
		041AB696255C05AB00E37507 /* AppDelegate.swift */ = {isa = PBXFileReference; lastKnownFileType = sourcecode.swift; path = AppDelegate.swift; sourceTree = "<group>"; };
		041AB698255C05AB00E37507 /* SceneDelegate.swift */ = {isa = PBXFileReference; lastKnownFileType = sourcecode.swift; path = SceneDelegate.swift; sourceTree = "<group>"; };
		041AB69A255C05AB00E37507 /* ViewController.swift */ = {isa = PBXFileReference; lastKnownFileType = sourcecode.swift; path = ViewController.swift; sourceTree = "<group>"; };
		041AB69D255C05AB00E37507 /* Base */ = {isa = PBXFileReference; lastKnownFileType = file.storyboard; name = Base; path = Base.lproj/Main.storyboard; sourceTree = "<group>"; };
		041AB69F255C05AD00E37507 /* Assets.xcassets */ = {isa = PBXFileReference; lastKnownFileType = folder.assetcatalog; path = Assets.xcassets; sourceTree = "<group>"; };
		041AB6A2255C05AD00E37507 /* Base */ = {isa = PBXFileReference; lastKnownFileType = file.storyboard; name = Base; path = Base.lproj/LaunchScreen.storyboard; sourceTree = "<group>"; };
		041AB6A4255C05AD00E37507 /* Info.plist */ = {isa = PBXFileReference; lastKnownFileType = text.plist.xml; path = Info.plist; sourceTree = "<group>"; };
		041AB6B3255C470300E37507 /* Balham.otf */ = {isa = PBXFileReference; lastKnownFileType = file; path = Balham.otf; sourceTree = "<group>"; };
		041AB6B6255C48C300E37507 /* Question.swift */ = {isa = PBXFileReference; lastKnownFileType = sourcecode.swift; path = Question.swift; sourceTree = "<group>"; };
		041AB6B9255C4D4C00E37507 /* QuestionManager.swift */ = {isa = PBXFileReference; lastKnownFileType = sourcecode.swift; path = QuestionManager.swift; sourceTree = "<group>"; };
		041AB6BC255C4E5A00E37507 /* Game.swift */ = {isa = PBXFileReference; lastKnownFileType = sourcecode.swift; path = Game.swift; sourceTree = "<group>"; };
		041AB6C0255C69D400E37507 /* QuestionView.swift */ = {isa = PBXFileReference; lastKnownFileType = sourcecode.swift; path = QuestionView.swift; sourceTree = "<group>"; };
/* End PBXFileReference section */

/* Begin PBXFrameworksBuildPhase section */
		041AB690255C05AB00E37507 /* Frameworks */ = {
			isa = PBXFrameworksBuildPhase;
			buildActionMask = 2147483647;
			files = (
			);
			runOnlyForDeploymentPostprocessing = 0;
		};
/* End PBXFrameworksBuildPhase section */

/* Begin PBXGroup section */
		041AB68A255C05AB00E37507 = {
			isa = PBXGroup;
			children = (
				041AB695255C05AB00E37507 /* OpenQizz */,
				041AB694255C05AB00E37507 /* Products */,
			);
			sourceTree = "<group>";
		};
		041AB694255C05AB00E37507 /* Products */ = {
			isa = PBXGroup;
			children = (
				041AB693255C05AB00E37507 /* OpenQizz.app */,
			);
			name = Products;
			sourceTree = "<group>";
		};
		041AB695255C05AB00E37507 /* OpenQizz */ = {
			isa = PBXGroup;
			children = (
				041AB6A4255C05AD00E37507 /* Info.plist */,
				041AB6B2255C46E800E37507 /* Supporting Files */,
				041AB6B0255C469F00E37507 /* View */,
				041AB6AF255C468E00E37507 /* Controller */,
				041AB6AE255C467400E37507 /* Model */,
			);
			path = OpenQizz;
			sourceTree = "<group>";
		};
		041AB6AE255C467400E37507 /* Model */ = {
			isa = PBXGroup;
			children = (
				041AB6B6255C48C300E37507 /* Question.swift */,
				041AB6B9255C4D4C00E37507 /* QuestionManager.swift */,
				041AB6BC255C4E5A00E37507 /* Game.swift */,
			);
			path = Model;
			sourceTree = "<group>";
		};
		041AB6AF255C468E00E37507 /* Controller */ = {
			isa = PBXGroup;
			children = (
				041AB69A255C05AB00E37507 /* ViewController.swift */,
				041AB6C0255C69D400E37507 /* QuestionView.swift */,
			);
			path = Controller;
			sourceTree = "<group>";
		};
		041AB6B0255C469F00E37507 /* View */ = {
			isa = PBXGroup;
			children = (
				041AB69C255C05AB00E37507 /* Main.storyboard */,
			);
			path = View;
			sourceTree = "<group>";
		};
		041AB6B2255C46E800E37507 /* Supporting Files */ = {
			isa = PBXGroup;
			children = (
				041AB696255C05AB00E37507 /* AppDelegate.swift */,
				041AB698255C05AB00E37507 /* SceneDelegate.swift */,
				041AB69F255C05AD00E37507 /* Assets.xcassets */,
				041AB6B3255C470300E37507 /* Balham.otf */,
				041AB6A1255C05AD00E37507 /* LaunchScreen.storyboard */,
			);
			path = "Supporting Files";
			sourceTree = "<group>";
		};
/* End PBXGroup section */

/* Begin PBXNativeTarget section */
		041AB692255C05AB00E37507 /* OpenQizz */ = {
			isa = PBXNativeTarget;
			buildConfigurationList = 041AB6A7255C05AD00E37507 /* Build configuration list for PBXNativeTarget "OpenQizz" */;
			buildPhases = (
				041AB68F255C05AB00E37507 /* Sources */,
				041AB690255C05AB00E37507 /* Frameworks */,
				041AB691255C05AB00E37507 /* Resources */,
			);
			buildRules = (
			);
			dependencies = (
			);
			name = OpenQizz;
			productName = OpenQizz;
			productReference = 041AB693255C05AB00E37507 /* OpenQizz.app */;
			productType = "com.apple.product-type.application";
		};
/* End PBXNativeTarget section */

/* Begin PBXProject section */
		041AB68B255C05AB00E37507 /* Project object */ = {
			isa = PBXProject;
			attributes = {
				LastSwiftUpdateCheck = 1210;
				LastUpgradeCheck = 1210;
				TargetAttributes = {
					041AB692255C05AB00E37507 = {
						CreatedOnToolsVersion = 12.1;
					};
				};
			};
			buildConfigurationList = 041AB68E255C05AB00E37507 /* Build configuration list for PBXProject "OpenQizz" */;
			compatibilityVersion = "Xcode 9.3";
			developmentRegion = en;
			hasScannedForEncodings = 0;
			knownRegions = (
				en,
				Base,
			);
			mainGroup = 041AB68A255C05AB00E37507;
			productRefGroup = 041AB694255C05AB00E37507 /* Products */;
			projectDirPath = "";
			projectRoot = "";
			targets = (
				041AB692255C05AB00E37507 /* OpenQizz */,
			);
		};
/* End PBXProject section */

/* Begin PBXResourcesBuildPhase section */
		041AB691255C05AB00E37507 /* Resources */ = {
			isa = PBXResourcesBuildPhase;
			buildActionMask = 2147483647;
			files = (
				041AB6A3255C05AD00E37507 /* LaunchScreen.storyboard in Resources */,
				041AB6A0255C05AD00E37507 /* Assets.xcassets in Resources */,
				041AB69E255C05AB00E37507 /* Main.storyboard in Resources */,
			);
			runOnlyForDeploymentPostprocessing = 0;
		};
/* End PBXResourcesBuildPhase section */

/* Begin PBXSourcesBuildPhase section */
		041AB68F255C05AB00E37507 /* Sources */ = {
			isa = PBXSourcesBuildPhase;
			buildActionMask = 2147483647;
			files = (
				041AB69B255C05AB00E37507 /* ViewController.swift in Sources */,
				041AB6C1255C69D500E37507 /* QuestionView.swift in Sources */,
				041AB6BD255C4E5A00E37507 /* Game.swift in Sources */,
				041AB6B7255C48C300E37507 /* Question.swift in Sources */,
				041AB697255C05AB00E37507 /* AppDelegate.swift in Sources */,
				041AB6BA255C4D4C00E37507 /* QuestionManager.swift in Sources */,
				041AB699255C05AB00E37507 /* SceneDelegate.swift in Sources */,
			);
			runOnlyForDeploymentPostprocessing = 0;
		};
/* End PBXSourcesBuildPhase section */

/* Begin PBXVariantGroup section */
		041AB69C255C05AB00E37507 /* Main.storyboard */ = {
			isa = PBXVariantGroup;
			children = (
				041AB69D255C05AB00E37507 /* Base */,
			);
			name = Main.storyboard;
			sourceTree = "<group>";
		};
		041AB6A1255C05AD00E37507 /* LaunchScreen.storyboard */ = {
			isa = PBXVariantGroup;
			children = (
				041AB6A2255C05AD00E37507 /* Base */,
			);
			name = LaunchScreen.storyboard;
			sourceTree = "<group>";
		};
/* End PBXVariantGroup section */

/* Begin XCBuildConfiguration section */
		041AB6A5255C05AD00E37507 /* Debug */ = {
			isa = XCBuildConfiguration;
			buildSettings = {
				ALWAYS_SEARCH_USER_PATHS = NO;
				CLANG_ANALYZER_NONNULL = YES;
				CLANG_ANALYZER_NUMBER_OBJECT_CONVERSION = YES_AGGRESSIVE;
				CLANG_CXX_LANGUAGE_STANDARD = "gnu++14";
				CLANG_CXX_LIBRARY = "libc++";
				CLANG_ENABLE_MODULES = YES;
				CLANG_ENABLE_OBJC_ARC = YES;
				CLANG_ENABLE_OBJC_WEAK = YES;
				CLANG_WARN_BLOCK_CAPTURE_AUTORELEASING = YES;
				CLANG_WARN_BOOL_CONVERSION = YES;
				CLANG_WARN_COMMA = YES;
				CLANG_WARN_CONSTANT_CONVERSION = YES;
				CLANG_WARN_DEPRECATED_OBJC_IMPLEMENTATIONS = YES;
				CLANG_WARN_DIRECT_OBJC_ISA_USAGE = YES_ERROR;
				CLANG_WARN_DOCUMENTATION_COMMENTS = YES;
				CLANG_WARN_EMPTY_BODY = YES;
				CLANG_WARN_ENUM_CONVERSION = YES;
				CLANG_WARN_INFINITE_RECURSION = YES;
				CLANG_WARN_INT_CONVERSION = YES;
				CLANG_WARN_NON_LITERAL_NULL_CONVERSION = YES;
				CLANG_WARN_OBJC_IMPLICIT_RETAIN_SELF = YES;
				CLANG_WARN_OBJC_LITERAL_CONVERSION = YES;
				CLANG_WARN_OBJC_ROOT_CLASS = YES_ERROR;
				CLANG_WARN_QUOTED_INCLUDE_IN_FRAMEWORK_HEADER = YES;
				CLANG_WARN_RANGE_LOOP_ANALYSIS = YES;
				CLANG_WARN_STRICT_PROTOTYPES = YES;
				CLANG_WARN_SUSPICIOUS_MOVE = YES;
				CLANG_WARN_UNGUARDED_AVAILABILITY = YES_AGGRESSIVE;
				CLANG_WARN_UNREACHABLE_CODE = YES;
				CLANG_WARN__DUPLICATE_METHOD_MATCH = YES;
				COPY_PHASE_STRIP = NO;
				DEBUG_INFORMATION_FORMAT = dwarf;
				ENABLE_STRICT_OBJC_MSGSEND = YES;
				ENABLE_TESTABILITY = YES;
				GCC_C_LANGUAGE_STANDARD = gnu11;
				GCC_DYNAMIC_NO_PIC = NO;
				GCC_NO_COMMON_BLOCKS = YES;
				GCC_OPTIMIZATION_LEVEL = 0;
				GCC_PREPROCESSOR_DEFINITIONS = (
					"DEBUG=1",
					"$(inherited)",
				);
				GCC_WARN_64_TO_32_BIT_CONVERSION = YES;
				GCC_WARN_ABOUT_RETURN_TYPE = YES_ERROR;
				GCC_WARN_UNDECLARED_SELECTOR = YES;
				GCC_WARN_UNINITIALIZED_AUTOS = YES_AGGRESSIVE;
				GCC_WARN_UNUSED_FUNCTION = YES;
				GCC_WARN_UNUSED_VARIABLE = YES;
				IPHONEOS_DEPLOYMENT_TARGET = 14.1;
				MTL_ENABLE_DEBUG_INFO = INCLUDE_SOURCE;
				MTL_FAST_MATH = YES;
				ONLY_ACTIVE_ARCH = YES;
				SDKROOT = iphoneos;
				SWIFT_ACTIVE_COMPILATION_CONDITIONS = DEBUG;
				SWIFT_OPTIMIZATION_LEVEL = "-Onone";
			};
			name = Debug;
		};
		041AB6A6255C05AD00E37507 /* Release */ = {
			isa = XCBuildConfiguration;
			buildSettings = {
				ALWAYS_SEARCH_USER_PATHS = NO;
				CLANG_ANALYZER_NONNULL = YES;
				CLANG_ANALYZER_NUMBER_OBJECT_CONVERSION = YES_AGGRESSIVE;
				CLANG_CXX_LANGUAGE_STANDARD = "gnu++14";
				CLANG_CXX_LIBRARY = "libc++";
				CLANG_ENABLE_MODULES = YES;
				CLANG_ENABLE_OBJC_ARC = YES;
				CLANG_ENABLE_OBJC_WEAK = YES;
				CLANG_WARN_BLOCK_CAPTURE_AUTORELEASING = YES;
				CLANG_WARN_BOOL_CONVERSION = YES;
				CLANG_WARN_COMMA = YES;
				CLANG_WARN_CONSTANT_CONVERSION = YES;
				CLANG_WARN_DEPRECATED_OBJC_IMPLEMENTATIONS = YES;
				CLANG_WARN_DIRECT_OBJC_ISA_USAGE = YES_ERROR;
				CLANG_WARN_DOCUMENTATION_COMMENTS = YES;
				CLANG_WARN_EMPTY_BODY = YES;
				CLANG_WARN_ENUM_CONVERSION = YES;
				CLANG_WARN_INFINITE_RECURSION = YES;
				CLANG_WARN_INT_CONVERSION = YES;
				CLANG_WARN_NON_LITERAL_NULL_CONVERSION = YES;
				CLANG_WARN_OBJC_IMPLICIT_RETAIN_SELF = YES;
				CLANG_WARN_OBJC_LITERAL_CONVERSION = YES;
				CLANG_WARN_OBJC_ROOT_CLASS = YES_ERROR;
				CLANG_WARN_QUOTED_INCLUDE_IN_FRAMEWORK_HEADER = YES;
				CLANG_WARN_RANGE_LOOP_ANALYSIS = YES;
				CLANG_WARN_STRICT_PROTOTYPES = YES;
				CLANG_WARN_SUSPICIOUS_MOVE = YES;
				CLANG_WARN_UNGUARDED_AVAILABILITY = YES_AGGRESSIVE;
				CLANG_WARN_UNREACHABLE_CODE = YES;
				CLANG_WARN__DUPLICATE_METHOD_MATCH = YES;
				COPY_PHASE_STRIP = NO;
				DEBUG_INFORMATION_FORMAT = "dwarf-with-dsym";
				ENABLE_NS_ASSERTIONS = NO;
				ENABLE_STRICT_OBJC_MSGSEND = YES;
				GCC_C_LANGUAGE_STANDARD = gnu11;
				GCC_NO_COMMON_BLOCKS = YES;
				GCC_WARN_64_TO_32_BIT_CONVERSION = YES;
				GCC_WARN_ABOUT_RETURN_TYPE = YES_ERROR;
				GCC_WARN_UNDECLARED_SELECTOR = YES;
				GCC_WARN_UNINITIALIZED_AUTOS = YES_AGGRESSIVE;
				GCC_WARN_UNUSED_FUNCTION = YES;
				GCC_WARN_UNUSED_VARIABLE = YES;
				IPHONEOS_DEPLOYMENT_TARGET = 14.1;
				MTL_ENABLE_DEBUG_INFO = NO;
				MTL_FAST_MATH = YES;
				SDKROOT = iphoneos;
				SWIFT_COMPILATION_MODE = wholemodule;
				SWIFT_OPTIMIZATION_LEVEL = "-O";
				VALIDATE_PRODUCT = YES;
			};
			name = Release;
		};
		041AB6A8255C05AD00E37507 /* Debug */ = {
			isa = XCBuildConfiguration;
			buildSettings = {
				ASSETCATALOG_COMPILER_APPICON_NAME = AppIcon;
				ASSETCATALOG_COMPILER_GLOBAL_ACCENT_COLOR_NAME = AccentColor;
				CODE_SIGN_STYLE = Automatic;
				INFOPLIST_FILE = OpenQizz/Info.plist;
				LD_RUNPATH_SEARCH_PATHS = (
					"$(inherited)",
					"@executable_path/Frameworks",
				);
				PRODUCT_BUNDLE_IDENTIFIER = fr.wanidev.OpenQizz;
				PRODUCT_NAME = "$(TARGET_NAME)";
				SWIFT_VERSION = 5.0;
				TARGETED_DEVICE_FAMILY = "1,2";
			};
			name = Debug;
		};
		041AB6A9255C05AD00E37507 /* Release */ = {
			isa = XCBuildConfiguration;
			buildSettings = {
				ASSETCATALOG_COMPILER_APPICON_NAME = AppIcon;
				ASSETCATALOG_COMPILER_GLOBAL_ACCENT_COLOR_NAME = AccentColor;
				CODE_SIGN_STYLE = Automatic;
				INFOPLIST_FILE = OpenQizz/Info.plist;
				LD_RUNPATH_SEARCH_PATHS = (
					"$(inherited)",
					"@executable_path/Frameworks",
				);
				PRODUCT_BUNDLE_IDENTIFIER = fr.wanidev.OpenQizz;
				PRODUCT_NAME = "$(TARGET_NAME)";
				SWIFT_VERSION = 5.0;
				TARGETED_DEVICE_FAMILY = "1,2";
			};
			name = Release;
		};
/* End XCBuildConfiguration section */

/* Begin XCConfigurationList section */
		041AB68E255C05AB00E37507 /* Build configuration list for PBXProject "OpenQizz" */ = {
			isa = XCConfigurationList;
			buildConfigurations = (
				041AB6A5255C05AD00E37507 /* Debug */,
				041AB6A6255C05AD00E37507 /* Release */,
			);
			defaultConfigurationIsVisible = 0;
			defaultConfigurationName = Release;
		};
		041AB6A7255C05AD00E37507 /* Build configuration list for PBXNativeTarget "OpenQizz" */ = {
			isa = XCConfigurationList;
			buildConfigurations = (
				041AB6A8255C05AD00E37507 /* Debug */,
				041AB6A9255C05AD00E37507 /* Release */,
			);
			defaultConfigurationIsVisible = 0;
			defaultConfigurationName = Release;
		};
/* End XCConfigurationList section */
	};
	rootObject = 041AB68B255C05AB00E37507 /* Project object */;
}
